github.com/twbs/bootstrap v4.4.1+incompatible h1:AueNOcQyhFaWJDynY+tJaK1QR+9Dx2CpqW+EoTBUznk=
github.com/twbs/bootstrap v4.4.1+incompatible/go.mod h1:fZTSrkpSf0/HkL0IIJzvVspTt1r9zuf7XlZau8kpcY0=
github.com/twbs/bootstrap v4.5.2+incompatible h1:QR6UOtm1+LCDK53CzEp8U0NPIYeRUktVgNhq0gaAGP0=
github.com/twbs/bootstrap v4.5.2+incompatible/go.mod h1:fZTSrkpSf0/HkL0IIJzvVspTt1r9zuf7XlZau8kpcY0=
